
Microsoft Visual Studio Solution File, Format Version 12.00
# Visual Studio 2017
Project("{FAE04EC0-301F-11D3-BF4B-00C04F79EFBC}") = "Magic Blast.Plugins", "Magic Blast.Plugins.csproj", "{76607BD7-EBD9-5A58-834F-98DBA93306AA}"
EndProject
Project("{FAE04EC0-301F-11D3-BF4B-00C04F79EFBC}") = "Magic Blast", "Magic Blast.csproj", "{8B450C83-3EC8-01FC-48AD-F853B57E6DEC}"
EndProject
Project("{FAE04EC0-301F-11D3-BF4B-00C04F79EFBC}") = "Magic Blast.Editor.Plugins", "Magic Blast.Editor.Plugins.csproj", "{C663FFBB-3BD4-ACA1-8C82-20FCF661B7F5}"
EndProject
Project("{FAE04EC0-301F-11D3-BF4B-00C04F79EFBC}") = "Magic Blast.Editor", "Magic Blast.Editor.csproj", "{3C222CB9-3B31-D144-ECC5-AFD5041F6D8A}"
EndProject
Global
	GlobalSection(SolutionConfigurationPlatforms) = preSolution
		Debug|Any CPU = Debug|Any CPU
		Release|Any CPU = Release|Any CPU
	EndGlobalSection
	GlobalSection(ProjectConfigurationPlatforms) = postSolution
		{76607BD7-EBD9-5A58-834F-98DBA93306AA}.Debug|Any CPU.ActiveCfg = Debug|Any CPU
		{76607BD7-EBD9-5A58-834F-98DBA93306AA}.Debug|Any CPU.Build.0 = Debug|Any CPU
		{76607BD7-EBD9-5A58-834F-98DBA93306AA}.Release|Any CPU.ActiveCfg = Release|Any CPU
		{76607BD7-EBD9-5A58-834F-98DBA93306AA}.Release|Any CPU.Build.0 = Release|Any CPU
		{8B450C83-3EC8-01FC-48AD-F853B57E6DEC}.Debug|Any CPU.ActiveCfg = Debug|Any CPU
		{8B450C83-3EC8-01FC-48AD-F853B57E6DEC}.Debug|Any CPU.Build.0 = Debug|Any CPU
		{8B450C83-3EC8-01FC-48AD-F853B57E6DEC}.Release|Any CPU.ActiveCfg = Release|Any CPU
		{8B450C83-3EC8-01FC-48AD-F853B57E6DEC}.Release|Any CPU.Build.0 = Release|Any CPU
		{C663FFBB-3BD4-ACA1-8C82-20FCF661B7F5}.Debug|Any CPU.ActiveCfg = Debug|Any CPU
		{C663FFBB-3BD4-ACA1-8C82-20FCF661B7F5}.Debug|Any CPU.Build.0 = Debug|Any CPU
		{C663FFBB-3BD4-ACA1-8C82-20FCF661B7F5}.Release|Any CPU.ActiveCfg = Release|Any CPU
		{C663FFBB-3BD4-ACA1-8C82-20FCF661B7F5}.Release|Any CPU.Build.0 = Release|Any CPU
		{3C222CB9-3B31-D144-ECC5-AFD5041F6D8A}.Debug|Any CPU.ActiveCfg = Debug|Any CPU
		{3C222CB9-3B31-D144-ECC5-AFD5041F6D8A}.Debug|Any CPU.Build.0 = Debug|Any CPU
		{3C222CB9-3B31-D144-ECC5-AFD5041F6D8A}.Release|Any CPU.ActiveCfg = Release|Any CPU
		{3C222CB9-3B31-D144-ECC5-AFD5041F6D8A}.Release|Any CPU.Build.0 = Release|Any CPU
	EndGlobalSection
	GlobalSection(SolutionProperties) = preSolution
		HideSolutionNode = FALSE
	EndGlobalSection
EndGlobal
